// !$*UTF8*$!
{
	archiveVersion = 1;
	classes = {
	};
	objectVersion = 56;
	objects = {

/* Begin PBXBuildFile section */
		2C5BA7BC2F20618100B3216B /* BPMSetlistApp.swift in Sources */ = {isa = PBXBuildFile; fileRef = 2C5BA7BB2F20618100B3216B /* BPMSetlistApp.swift */; };
		2C5BA7BE2F20618100B3216B /* ContentView.swift in Sources */ = {isa = PBXBuildFile; fileRef = 2C5BA7BD2F20618100B3216B /* ContentView.swift */; };
		2C5BA7C22F20618200B3216B /* Assets.xcassets in Resources */ = {isa = PBXBuildFile; fileRef = 2C5BA7C12F20618200B3216B /* Assets.xcassets */; };
		2C5BA7C62F20618200B3216B /* Preview Assets.xcassets in Resources */ = {isa = PBXBuildFile; fileRef = 2C5BA7C52F20618200B3216B /* Preview Assets.xcassets */; };
		2C5BA7D02F20618200B3216B /* BPMSetlistTests.swift in Sources */ = {isa = PBXBuildFile; fileRef = 2C5BA7CF2F20618200B3216B /* BPMSetlistTests.swift */; };
		2C5BA7DA2F20618300B3216B /* BPMSetlistUITests.swift in Sources */ = {isa = PBXBuildFile; fileRef = 2C5BA7D92F20618300B3216B /* BPMSetlistUITests.swift */; };
		2C5BA7DC2F20618300B3216B /* BPMSetlistUITestsLaunchTests.swift in Sources */ = {isa = PBXBuildFile; fileRef = 2C5BA7DB2F20618300B3216B /* BPMSetlistUITestsLaunchTests.swift */; };
		AA000001AAAA000100000001 /* ScreenshotGenerator.swift in Sources */ = {isa = PBXBuildFile; fileRef = AA000001AAAA000100000002 /* ScreenshotGenerator.swift */; };
		2C5BA7EB2F2064EC00B3216B /* AppSettings.swift in Sources */ = {isa = PBXBuildFile; fileRef = 2C5BA7E82F2064EC00B3216B /* AppSettings.swift */; };
		2C5BA7EC2F2064EC00B3216B /* Song.swift in Sources */ = {isa = PBXBuildFile; fileRef = 2C5BA7E92F2064EC00B3216B /* Song.swift */; };
		2C5BA7F22F2064FF00B3216B /* AddEditSongView.swift in Sources */ = {isa = PBXBuildFile; fileRef = 2C5BA7ED2F2064FF00B3216B /* AddEditSongView.swift */; };
		2C5BA7F42F2064FF00B3216B /* SettingsView.swift in Sources */ = {isa = PBXBuildFile; fileRef = 2C5BA7EF2F2064FF00B3216B /* SettingsView.swift */; };
		2C5BA7F52F2064FF00B3216B /* SongRowView.swift in Sources */ = {isa = PBXBuildFile; fileRef = 2C5BA7F02F2064FF00B3216B /* SongRowView.swift */; };
		2CB1E0012F2064FF00B3216B /* BeatIndicatorView.swift in Sources */ = {isa = PBXBuildFile; fileRef = 2CB1E0002F2064FF00B3216B /* BeatIndicatorView.swift */; };
		2C5BA7F82F20650500B3216B /* Theme.swift in Sources */ = {isa = PBXBuildFile; fileRef = 2C5BA7F62F20650500B3216B /* Theme.swift */; };
		2C5BA7FB2F20650C00B3216B /* MetronomeEngine.swift in Sources */ = {isa = PBXBuildFile; fileRef = 2C5BA7F92F20650C00B3216B /* MetronomeEngine.swift */; };
		2C5BA8002F20700000B3216B /* LocalizationManager.swift in Sources */ = {isa = PBXBuildFile; fileRef = 2C5BA7FF2F20700000B3216B /* LocalizationManager.swift */; };
/* End PBXBuildFile section */

/* Begin PBXContainerItemProxy section */
		2C5BA7CC2F20618200B3216B /* PBXContainerItemProxy */ = {
			isa = PBXContainerItemProxy;
			containerPortal = 2C5BA7B02F20618100B3216B /* Project object */;
			proxyType = 1;
			remoteGlobalIDString = 2C5BA7B72F20618100B3216B;
			remoteInfo = BPMSetlist;
		};
		2C5BA7D62F20618200B3216B /* PBXContainerItemProxy */ = {
			isa = PBXContainerItemProxy;
			containerPortal = 2C5BA7B02F20618100B3216B /* Project object */;
			proxyType = 1;
			remoteGlobalIDString = 2C5BA7B72F20618100B3216B;
			remoteInfo = BPMSetlist;
		};
/* End PBXContainerItemProxy section */

/* Begin PBXFileReference section */
		2C5BA7B82F20618100B3216B /* BPMSetlist.app */ = {isa = PBXFileReference; explicitFileType = wrapper.application; includeInIndex = 0; path = BPMSetlist.app; sourceTree = BUILT_PRODUCTS_DIR; };
		2C5BA7BB2F20618100B3216B /* BPMSetlistApp.swift */ = {isa = PBXFileReference; lastKnownFileType = sourcecode.swift; path = BPMSetlistApp.swift; sourceTree = "<group>"; };
		2C5BA7BD2F20618100B3216B /* ContentView.swift */ = {isa = PBXFileReference; lastKnownFileType = sourcecode.swift; path = ContentView.swift; sourceTree = "<group>"; };
		2C5BA7C12F20618200B3216B /* Assets.xcassets */ = {isa = PBXFileReference; lastKnownFileType = folder.assetcatalog; path = Assets.xcassets; sourceTree = "<group>"; };
		2C5BA7C32F20618200B3216B /* BPMSetlist.entitlements */ = {isa = PBXFileReference; lastKnownFileType = text.plist.entitlements; path = BPMSetlist.entitlements; sourceTree = "<group>"; };
		2C5BA7C52F20618200B3216B /* Preview Assets.xcassets */ = {isa = PBXFileReference; lastKnownFileType = folder.assetcatalog; path = "Preview Assets.xcassets"; sourceTree = "<group>"; };
		2C5BA7CB2F20618200B3216B /* BPMSetlistTests.xctest */ = {isa = PBXFileReference; explicitFileType = wrapper.cfbundle; includeInIndex = 0; path = BPMSetlistTests.xctest; sourceTree = BUILT_PRODUCTS_DIR; };
		2C5BA7CF2F20618200B3216B /* BPMSetlistTests.swift */ = {isa = PBXFileReference; lastKnownFileType = sourcecode.swift; path = BPMSetlistTests.swift; sourceTree = "<group>"; };
		2C5BA7D52F20618200B3216B /* BPMSetlistUITests.xctest */ = {isa = PBXFileReference; explicitFileType = wrapper.cfbundle; includeInIndex = 0; path = BPMSetlistUITests.xctest; sourceTree = BUILT_PRODUCTS_DIR; };
		2C5BA7D92F20618300B3216B /* BPMSetlistUITests.swift */ = {isa = PBXFileReference; lastKnownFileType = sourcecode.swift; path = BPMSetlistUITests.swift; sourceTree = "<group>"; };
		2C5BA7DB2F20618300B3216B /* BPMSetlistUITestsLaunchTests.swift */ = {isa = PBXFileReference; lastKnownFileType = sourcecode.swift; path = BPMSetlistUITestsLaunchTests.swift; sourceTree = "<group>"; };
		AA000001AAAA000100000002 /* ScreenshotGenerator.swift */ = {isa = PBXFileReference; lastKnownFileType = sourcecode.swift; path = ScreenshotGenerator.swift; sourceTree = "<group>"; };
		2C5BA7E82F2064EC00B3216B /* AppSettings.swift */ = {isa = PBXFileReference; fileEncoding = 4; lastKnownFileType = sourcecode.swift; path = AppSettings.swift; sourceTree = "<group>"; };
		2C5BA7E92F2064EC00B3216B /* Song.swift */ = {isa = PBXFileReference; fileEncoding = 4; lastKnownFileType = sourcecode.swift; path = Song.swift; sourceTree = "<group>"; };
		2C5BA7ED2F2064FF00B3216B /* AddEditSongView.swift */ = {isa = PBXFileReference; fileEncoding = 4; lastKnownFileType = sourcecode.swift; path = AddEditSongView.swift; sourceTree = "<group>"; };
		2C5BA7EF2F2064FF00B3216B /* SettingsView.swift */ = {isa = PBXFileReference; fileEncoding = 4; lastKnownFileType = sourcecode.swift; path = SettingsView.swift; sourceTree = "<group>"; };
		2C5BA7F02F2064FF00B3216B /* SongRowView.swift */ = {isa = PBXFileReference; fileEncoding = 4; lastKnownFileType = sourcecode.swift; path = SongRowView.swift; sourceTree = "<group>"; };
		2CB1E0002F2064FF00B3216B /* BeatIndicatorView.swift */ = {isa = PBXFileReference; fileEncoding = 4; lastKnownFileType = sourcecode.swift; path = BeatIndicatorView.swift; sourceTree = "<group>"; };
		2C5BA7F62F20650500B3216B /* Theme.swift */ = {isa = PBXFileReference; fileEncoding = 4; lastKnownFileType = sourcecode.swift; path = Theme.swift; sourceTree = "<group>"; };
		2C5BA7F92F20650C00B3216B /* MetronomeEngine.swift */ = {isa = PBXFileReference; fileEncoding = 4; lastKnownFileType = sourcecode.swift; path = MetronomeEngine.swift; sourceTree = "<group>"; };
		2C5BA7FF2F20700000B3216B /* LocalizationManager.swift */ = {isa = PBXFileReference; fileEncoding = 4; lastKnownFileType = sourcecode.swift; path = LocalizationManager.swift; sourceTree = "<group>"; };
/* End PBXFileReference section */

/* Begin PBXFrameworksBuildPhase section */
		2C5BA7B52F20618100B3216B /* Frameworks */ = {
			isa = PBXFrameworksBuildPhase;
			buildActionMask = 2147483647;
			files = (
			);
			runOnlyForDeploymentPostprocessing = 0;
		};
		2C5BA7C82F20618200B3216B /* Frameworks */ = {
			isa = PBXFrameworksBuildPhase;
			buildActionMask = 2147483647;
			files = (
			);
			runOnlyForDeploymentPostprocessing = 0;
		};
		2C5BA7D22F20618200B3216B /* Frameworks */ = {
			isa = PBXFrameworksBuildPhase;
			buildActionMask = 2147483647;
			files = (
			);
			runOnlyForDeploymentPostprocessing = 0;
		};
/* End PBXFrameworksBuildPhase section */

/* Begin PBXGroup section */
		2C5BA7AF2F20618100B3216B = {
			isa = PBXGroup;
			children = (
				2C5BA7BA2F20618100B3216B /* BPMSetlist */,
				2C5BA7CE2F20618200B3216B /* BPMSetlistTests */,
				2C5BA7D82F20618300B3216B /* BPMSetlistUITests */,
				2C5BA7B92F20618100B3216B /* Products */,
			);
			sourceTree = "<group>";
		};
		2C5BA7B92F20618100B3216B /* Products */ = {
			isa = PBXGroup;
			children = (
				2C5BA7B82F20618100B3216B /* BPMSetlist.app */,
				2C5BA7CB2F20618200B3216B /* BPMSetlistTests.xctest */,
				2C5BA7D52F20618200B3216B /* BPMSetlistUITests.xctest */,
			);
			name = Products;
			sourceTree = "<group>";
		};
		2C5BA7BA2F20618100B3216B /* BPMSetlist */ = {
			isa = PBXGroup;
			children = (
				2C5BA7FE2F20700000B3216B /* Localization */,
				2C5BA7FA2F20650C00B3216B /* Services */,
				2C5BA7F72F20650500B3216B /* Theme */,
				2C5BA7F12F2064FF00B3216B /* Views */,
				2C5BA7EA2F2064EC00B3216B /* Models */,
				2C5BA7BB2F20618100B3216B /* BPMSetlistApp.swift */,
				2C5BA7BD2F20618100B3216B /* ContentView.swift */,
				2C5BA7C12F20618200B3216B /* Assets.xcassets */,
				2C5BA7C32F20618200B3216B /* BPMSetlist.entitlements */,
				2C5BA7C42F20618200B3216B /* Preview Content */,
			);
			path = BPMSetlist;
			sourceTree = "<group>";
		};
		2C5BA7FE2F20700000B3216B /* Localization */ = {
			isa = PBXGroup;
			children = (
				2C5BA7FF2F20700000B3216B /* LocalizationManager.swift */,
			);
			path = Localization;
			sourceTree = "<group>";
		};
		2C5BA7C42F20618200B3216B /* Preview Content */ = {
			isa = PBXGroup;
			children = (
				2C5BA7C52F20618200B3216B /* Preview Assets.xcassets */,
			);
			path = "Preview Content";
			sourceTree = "<group>";
		};
		2C5BA7CE2F20618200B3216B /* BPMSetlistTests */ = {
			isa = PBXGroup;
			children = (
				2C5BA7CF2F20618200B3216B /* BPMSetlistTests.swift */,
			);
			path = BPMSetlistTests;
			sourceTree = "<group>";
		};
		2C5BA7D82F20618300B3216B /* BPMSetlistUITests */ = {
			isa = PBXGroup;
			children = (
				2C5BA7D92F20618300B3216B /* BPMSetlistUITests.swift */,
				2C5BA7DB2F20618300B3216B /* BPMSetlistUITestsLaunchTests.swift */,
				AA000001AAAA000100000002 /* ScreenshotGenerator.swift */,
			);
			path = BPMSetlistUITests;
			sourceTree = "<group>";
		};
		2C5BA7EA2F2064EC00B3216B /* Models */ = {
			isa = PBXGroup;
			children = (
				2C5BA7E82F2064EC00B3216B /* AppSettings.swift */,
				2C5BA7E92F2064EC00B3216B /* Song.swift */,
			);
			path = Models;
			sourceTree = "<group>";
		};
		2C5BA7F12F2064FF00B3216B /* Views */ = {
			isa = PBXGroup;
			children = (
				2C5BA7ED2F2064FF00B3216B /* AddEditSongView.swift */,
				2CB1E0002F2064FF00B3216B /* BeatIndicatorView.swift */,
				2C5BA7EF2F2064FF00B3216B /* SettingsView.swift */,
				2C5BA7F02F2064FF00B3216B /* SongRowView.swift */,
			);
			path = Views;
			sourceTree = "<group>";
		};
		2C5BA7F72F20650500B3216B /* Theme */ = {
			isa = PBXGroup;
			children = (
				2C5BA7F62F20650500B3216B /* Theme.swift */,
			);
			path = Theme;
			sourceTree = "<group>";
		};
		2C5BA7FA2F20650C00B3216B /* Services */ = {
			isa = PBXGroup;
			children = (
				2C5BA7F92F20650C00B3216B /* MetronomeEngine.swift */,
			);
			path = Services;
			sourceTree = "<group>";
		};
/* End PBXGroup section */

/* Begin PBXNativeTarget section */
		2C5BA7B72F20618100B3216B /* BPMSetlist */ = {
			isa = PBXNativeTarget;
			buildConfigurationList = 2C5BA7DF2F20618300B3216B /* Build configuration list for PBXNativeTarget "BPMSetlist" */;
			buildPhases = (
				2C5BA7B42F20618100B3216B /* Sources */,
				2C5BA7B52F20618100B3216B /* Frameworks */,
				2C5BA7B62F20618100B3216B /* Resources */,
			);
			buildRules = (
			);
			dependencies = (
			);
			name = BPMSetlist;
			productName = BPMSetlist;
			productReference = 2C5BA7B82F20618100B3216B /* BPMSetlist.app */;
			productType = "com.apple.product-type.application";
		};
		2C5BA7CA2F20618200B3216B /* BPMSetlistTests */ = {
			isa = PBXNativeTarget;
			buildConfigurationList = 2C5BA7E22F20618300B3216B /* Build configuration list for PBXNativeTarget "BPMSetlistTests" */;
			buildPhases = (
				2C5BA7C72F20618200B3216B /* Sources */,
				2C5BA7C82F20618200B3216B /* Frameworks */,
				2C5BA7C92F20618200B3216B /* Resources */,
			);
			buildRules = (
			);
			dependencies = (
				2C5BA7CD2F20618200B3216B /* PBXTargetDependency */,
			);
			name = BPMSetlistTests;
			productName = BPMSetlistTests;
			productReference = 2C5BA7CB2F20618200B3216B /* BPMSetlistTests.xctest */;
			productType = "com.apple.product-type.bundle.unit-test";
		};
		2C5BA7D42F20618200B3216B /* BPMSetlistUITests */ = {
			isa = PBXNativeTarget;
			buildConfigurationList = 2C5BA7E52F20618300B3216B /* Build configuration list for PBXNativeTarget "BPMSetlistUITests" */;
			buildPhases = (
				2C5BA7D12F20618200B3216B /* Sources */,
				2C5BA7D22F20618200B3216B /* Frameworks */,
				2C5BA7D32F20618200B3216B /* Resources */,
			);
			buildRules = (
			);
			dependencies = (
				2C5BA7D72F20618200B3216B /* PBXTargetDependency */,
			);
			name = BPMSetlistUITests;
			productName = BPMSetlistUITests;
			productReference = 2C5BA7D52F20618200B3216B /* BPMSetlistUITests.xctest */;
			productType = "com.apple.product-type.bundle.ui-testing";
		};
/* End PBXNativeTarget section */

/* Begin PBXProject section */
		2C5BA7B02F20618100B3216B /* Project object */ = {
			isa = PBXProject;
			attributes = {
				BuildIndependentTargetsInParallel = 1;
				LastSwiftUpdateCheck = 1540;
				LastUpgradeCheck = 1540;
				TargetAttributes = {
					2C5BA7B72F20618100B3216B = {
						CreatedOnToolsVersion = 15.4;
					};
					2C5BA7CA2F20618200B3216B = {
						CreatedOnToolsVersion = 15.4;
						TestTargetID = 2C5BA7B72F20618100B3216B;
					};
					2C5BA7D42F20618200B3216B = {
						CreatedOnToolsVersion = 15.4;
						TestTargetID = 2C5BA7B72F20618100B3216B;
					};
				};
			};
			buildConfigurationList = 2C5BA7B32F20618100B3216B /* Build configuration list for PBXProject "BPMSetlist" */;
			compatibilityVersion = "Xcode 14.0";
			developmentRegion = en;
			hasScannedForEncodings = 0;
			knownRegions = (
				en,
				Base,
			);
			mainGroup = 2C5BA7AF2F20618100B3216B;
			productRefGroup = 2C5BA7B92F20618100B3216B /* Products */;
			projectDirPath = "";
			projectRoot = "";
			targets = (
				2C5BA7B72F20618100B3216B /* BPMSetlist */,
				2C5BA7CA2F20618200B3216B /* BPMSetlistTests */,
				2C5BA7D42F20618200B3216B /* BPMSetlistUITests */,
			);
		};
/* End PBXProject section */

/* Begin PBXResourcesBuildPhase section */
		2C5BA7B62F20618100B3216B /* Resources */ = {
			isa = PBXResourcesBuildPhase;
			buildActionMask = 2147483647;
			files = (
				2C5BA7C62F20618200B3216B /* Preview Assets.xcassets in Resources */,
				2C5BA7C22F20618200B3216B /* Assets.xcassets in Resources */,
			);
			runOnlyForDeploymentPostprocessing = 0;
		};
		2C5BA7C92F20618200B3216B /* Resources */ = {
			isa = PBXResourcesBuildPhase;
			buildActionMask = 2147483647;
			files = (
			);
			runOnlyForDeploymentPostprocessing = 0;
		};
		2C5BA7D32F20618200B3216B /* Resources */ = {
			isa = PBXResourcesBuildPhase;
			buildActionMask = 2147483647;
			files = (
			);
			runOnlyForDeploymentPostprocessing = 0;
		};
/* End PBXResourcesBuildPhase section */

/* Begin PBXSourcesBuildPhase section */
		2C5BA7B42F20618100B3216B /* Sources */ = {
			isa = PBXSourcesBuildPhase;
			buildActionMask = 2147483647;
			files = (
				2C5BA7FB2F20650C00B3216B /* MetronomeEngine.swift in Sources */,
				2C5BA7F52F2064FF00B3216B /* SongRowView.swift in Sources */,
				2C5BA7F42F2064FF00B3216B /* SettingsView.swift in Sources */,
				2C5BA7BE2F20618100B3216B /* ContentView.swift in Sources */,
				2C5BA7EB2F2064EC00B3216B /* AppSettings.swift in Sources */,
				2C5BA7F22F2064FF00B3216B /* AddEditSongView.swift in Sources */,
				2CB1E0012F2064FF00B3216B /* BeatIndicatorView.swift in Sources */,
				2C5BA7F82F20650500B3216B /* Theme.swift in Sources */,
				2C5BA7BC2F20618100B3216B /* BPMSetlistApp.swift in Sources */,
				2C5BA7EC2F2064EC00B3216B /* Song.swift in Sources */,
				2C5BA8002F20700000B3216B /* LocalizationManager.swift in Sources */,
			);
			runOnlyForDeploymentPostprocessing = 0;
		};
		2C5BA7C72F20618200B3216B /* Sources */ = {
			isa = PBXSourcesBuildPhase;
			buildActionMask = 2147483647;
			files = (
				2C5BA7D02F20618200B3216B /* BPMSetlistTests.swift in Sources */,
			);
			runOnlyForDeploymentPostprocessing = 0;
		};
		2C5BA7D12F20618200B3216B /* Sources */ = {
			isa = PBXSourcesBuildPhase;
			buildActionMask = 2147483647;
			files = (
				2C5BA7DA2F20618300B3216B /* BPMSetlistUITests.swift in Sources */,
				2C5BA7DC2F20618300B3216B /* BPMSetlistUITestsLaunchTests.swift in Sources */,
				AA000001AAAA000100000001 /* ScreenshotGenerator.swift in Sources */,
			);
			runOnlyForDeploymentPostprocessing = 0;
		};
/* End PBXSourcesBuildPhase section */

/* Begin PBXTargetDependency section */
		2C5BA7CD2F20618200B3216B /* PBXTargetDependency */ = {
			isa = PBXTargetDependency;
			target = 2C5BA7B72F20618100B3216B /* BPMSetlist */;
			targetProxy = 2C5BA7CC2F20618200B3216B /* PBXContainerItemProxy */;
		};
		2C5BA7D72F20618200B3216B /* PBXTargetDependency */ = {
			isa = PBXTargetDependency;
			target = 2C5BA7B72F20618100B3216B /* BPMSetlist */;
			targetProxy = 2C5BA7D62F20618200B3216B /* PBXContainerItemProxy */;
		};
/* End PBXTargetDependency section */

/* Begin XCBuildConfiguration section */
		2C5BA7DD2F20618300B3216B /* Debug */ = {
			isa = XCBuildConfiguration;
			buildSettings = {
				ALWAYS_SEARCH_USER_PATHS = NO;
				ASSETCATALOG_COMPILER_GENERATE_SWIFT_ASSET_SYMBOL_EXTENSIONS = YES;
				CLANG_ANALYZER_NONNULL = YES;
				CLANG_ANALYZER_NUMBER_OBJECT_CONVERSION = YES_AGGRESSIVE;
				CLANG_CXX_LANGUAGE_STANDARD = "gnu++20";
				CLANG_ENABLE_MODULES = YES;
				CLANG_ENABLE_OBJC_ARC = YES;
				CLANG_ENABLE_OBJC_WEAK = YES;
				CLANG_WARN_BLOCK_CAPTURE_AUTORELEASING = YES;
				CLANG_WARN_BOOL_CONVERSION = YES;
				CLANG_WARN_COMMA = YES;
				CLANG_WARN_CONSTANT_CONVERSION = YES;
				CLANG_WARN_DEPRECATED_OBJC_IMPLEMENTATIONS = YES;
				CLANG_WARN_DIRECT_OBJC_ISA_USAGE = YES_ERROR;
				CLANG_WARN_DOCUMENTATION_COMMENTS = YES;
				CLANG_WARN_EMPTY_BODY = YES;
				CLANG_WARN_ENUM_CONVERSION = YES;
				CLANG_WARN_INFINITE_RECURSION = YES;
				CLANG_WARN_INT_CONVERSION = YES;
				CLANG_WARN_NON_LITERAL_NULL_CONVERSION = YES;
				CLANG_WARN_OBJC_IMPLICIT_RETAIN_SELF = YES;
				CLANG_WARN_OBJC_LITERAL_CONVERSION = YES;
				CLANG_WARN_OBJC_ROOT_CLASS = YES_ERROR;
				CLANG_WARN_QUOTED_INCLUDE_IN_FRAMEWORK_HEADER = YES;
				CLANG_WARN_RANGE_LOOP_ANALYSIS = YES;
				CLANG_WARN_STRICT_PROTOTYPES = YES;
				CLANG_WARN_SUSPICIOUS_MOVE = YES;
				CLANG_WARN_UNGUARDED_AVAILABILITY = YES_AGGRESSIVE;
				CLANG_WARN_UNREACHABLE_CODE = YES;
				CLANG_WARN__DUPLICATE_METHOD_MATCH = YES;
				COPY_PHASE_STRIP = NO;
				DEBUG_INFORMATION_FORMAT = dwarf;
				ENABLE_STRICT_OBJC_MSGSEND = YES;
				ENABLE_TESTABILITY = YES;
				ENABLE_USER_SCRIPT_SANDBOXING = YES;
				GCC_C_LANGUAGE_STANDARD = gnu17;
				GCC_DYNAMIC_NO_PIC = NO;
				GCC_NO_COMMON_BLOCKS = YES;
				GCC_OPTIMIZATION_LEVEL = 0;
				GCC_PREPROCESSOR_DEFINITIONS = (
					"DEBUG=1",
					"$(inherited)",
				);
				GCC_WARN_64_TO_32_BIT_CONVERSION = YES;
				GCC_WARN_ABOUT_RETURN_TYPE = YES_ERROR;
				GCC_WARN_UNDECLARED_SELECTOR = YES;
				GCC_WARN_UNINITIALIZED_AUTOS = YES_AGGRESSIVE;
				GCC_WARN_UNUSED_FUNCTION = YES;
				GCC_WARN_UNUSED_VARIABLE = YES;
				LOCALIZATION_PREFERS_STRING_CATALOGS = YES;
				MTL_ENABLE_DEBUG_INFO = INCLUDE_SOURCE;
				MTL_FAST_MATH = YES;
				ONLY_ACTIVE_ARCH = YES;
				SWIFT_ACTIVE_COMPILATION_CONDITIONS = "DEBUG $(inherited)";
				SWIFT_OPTIMIZATION_LEVEL = "-Onone";
			};
			name = Debug;
		};
		2C5BA7DE2F20618300B3216B /* Release */ = {
			isa = XCBuildConfiguration;
			buildSettings = {
				ALWAYS_SEARCH_USER_PATHS = NO;
				ASSETCATALOG_COMPILER_GENERATE_SWIFT_ASSET_SYMBOL_EXTENSIONS = YES;
				CLANG_ANALYZER_NONNULL = YES;
				CLANG_ANALYZER_NUMBER_OBJECT_CONVERSION = YES_AGGRESSIVE;
				CLANG_CXX_LANGUAGE_STANDARD = "gnu++20";
				CLANG_ENABLE_MODULES = YES;
				CLANG_ENABLE_OBJC_ARC = YES;
				CLANG_ENABLE_OBJC_WEAK = YES;
				CLANG_WARN_BLOCK_CAPTURE_AUTORELEASING = YES;
				CLANG_WARN_BOOL_CONVERSION = YES;
				CLANG_WARN_COMMA = YES;
				CLANG_WARN_CONSTANT_CONVERSION = YES;
				CLANG_WARN_DEPRECATED_OBJC_IMPLEMENTATIONS = YES;
				CLANG_WARN_DIRECT_OBJC_ISA_USAGE = YES_ERROR;
				CLANG_WARN_DOCUMENTATION_COMMENTS = YES;
				CLANG_WARN_EMPTY_BODY = YES;
				CLANG_WARN_ENUM_CONVERSION = YES;
				CLANG_WARN_INFINITE_RECURSION = YES;
				CLANG_WARN_INT_CONVERSION = YES;
				CLANG_WARN_NON_LITERAL_NULL_CONVERSION = YES;
				CLANG_WARN_OBJC_IMPLICIT_RETAIN_SELF = YES;
				CLANG_WARN_OBJC_LITERAL_CONVERSION = YES;
				CLANG_WARN_OBJC_ROOT_CLASS = YES_ERROR;
				CLANG_WARN_QUOTED_INCLUDE_IN_FRAMEWORK_HEADER = YES;
				CLANG_WARN_RANGE_LOOP_ANALYSIS = YES;
				CLANG_WARN_STRICT_PROTOTYPES = YES;
				CLANG_WARN_SUSPICIOUS_MOVE = YES;
				CLANG_WARN_UNGUARDED_AVAILABILITY = YES_AGGRESSIVE;
				CLANG_WARN_UNREACHABLE_CODE = YES;
				CLANG_WARN__DUPLICATE_METHOD_MATCH = YES;
				COPY_PHASE_STRIP = NO;
				DEBUG_INFORMATION_FORMAT = "dwarf-with-dsym";
				ENABLE_NS_ASSERTIONS = NO;
				ENABLE_STRICT_OBJC_MSGSEND = YES;
				ENABLE_USER_SCRIPT_SANDBOXING = YES;
				GCC_C_LANGUAGE_STANDARD = gnu17;
				GCC_NO_COMMON_BLOCKS = YES;
				GCC_WARN_64_TO_32_BIT_CONVERSION = YES;
				GCC_WARN_ABOUT_RETURN_TYPE = YES_ERROR;
				GCC_WARN_UNDECLARED_SELECTOR = YES;
				GCC_WARN_UNINITIALIZED_AUTOS = YES_AGGRESSIVE;
				GCC_WARN_UNUSED_FUNCTION = YES;
				GCC_WARN_UNUSED_VARIABLE = YES;
				LOCALIZATION_PREFERS_STRING_CATALOGS = YES;
				MTL_ENABLE_DEBUG_INFO = NO;
				MTL_FAST_MATH = YES;
				SWIFT_COMPILATION_MODE = wholemodule;
			};
			name = Release;
		};
		2C5BA7E02F20618300B3216B /* Debug */ = {
			isa = XCBuildConfiguration;
			buildSettings = {
				ASSETCATALOG_COMPILER_APPICON_NAME = AppIcon;
				ASSETCATALOG_COMPILER_GLOBAL_ACCENT_COLOR_NAME = AccentColor;
				CODE_SIGN_ENTITLEMENTS = BPMSetlist/BPMSetlist.entitlements;
				CODE_SIGN_STYLE = Automatic;
				CURRENT_PROJECT_VERSION = 1;
				DEVELOPMENT_ASSET_PATHS = "\"BPMSetlist/Preview Content\"";
				DEVELOPMENT_TEAM = 329M2M34JJ;
				ENABLE_HARDENED_RUNTIME = YES;
				ENABLE_PREVIEWS = YES;
				GENERATE_INFOPLIST_FILE = YES;
				INFOPLIST_FILE = BPMSetlist/Info.plist;
				"INFOPLIST_KEY_UIApplicationSceneManifest_Generation[sdk=iphoneos*]" = YES;
				"INFOPLIST_KEY_UIApplicationSceneManifest_Generation[sdk=iphonesimulator*]" = YES;
				"INFOPLIST_KEY_UIApplicationSupportsIndirectInputEvents[sdk=iphoneos*]" = YES;
				"INFOPLIST_KEY_UIApplicationSupportsIndirectInputEvents[sdk=iphonesimulator*]" = YES;
				"INFOPLIST_KEY_UILaunchScreen_Generation[sdk=iphoneos*]" = YES;
				"INFOPLIST_KEY_UILaunchScreen_Generation[sdk=iphonesimulator*]" = YES;
				"INFOPLIST_KEY_UIStatusBarStyle[sdk=iphoneos*]" = UIStatusBarStyleDefault;
				"INFOPLIST_KEY_UIStatusBarStyle[sdk=iphonesimulator*]" = UIStatusBarStyleDefault;
				INFOPLIST_KEY_UISupportedInterfaceOrientations_iPad = "UIInterfaceOrientationPortrait UIInterfaceOrientationPortraitUpsideDown UIInterfaceOrientationLandscapeLeft UIInterfaceOrientationLandscapeRight";
				INFOPLIST_KEY_UISupportedInterfaceOrientations_iPhone = "UIInterfaceOrientationPortrait UIInterfaceOrientationLandscapeLeft UIInterfaceOrientationLandscapeRight";
				IPHONEOS_DEPLOYMENT_TARGET = 17.5;
				LD_RUNPATH_SEARCH_PATHS = "@executable_path/Frameworks";
				"LD_RUNPATH_SEARCH_PATHS[sdk=macosx*]" = "@executable_path/../Frameworks";
				MACOSX_DEPLOYMENT_TARGET = 14.0;
				MARKETING_VERSION = 1.0;
				PRODUCT_BUNDLE_IDENTIFIER = com.yukohadrum.BPMSetlist;
				PRODUCT_NAME = "$(TARGET_NAME)";
				SDKROOT = auto;
				SUPPORTED_PLATFORMS = "iphoneos iphonesimulator macosx";
				SWIFT_EMIT_LOC_STRINGS = YES;
				SWIFT_VERSION = 5.0;
				TARGETED_DEVICE_FAMILY = "1,2";
			};
			name = Debug;
		};
		2C5BA7E12F20618300B3216B /* Release */ = {
			isa = XCBuildConfiguration;
			buildSettings = {
				ASSETCATALOG_COMPILER_APPICON_NAME = AppIcon;
				ASSETCATALOG_COMPILER_GLOBAL_ACCENT_COLOR_NAME = AccentColor;
				CODE_SIGN_ENTITLEMENTS = BPMSetlist/BPMSetlist.entitlements;
				CODE_SIGN_STYLE = Automatic;
				CURRENT_PROJECT_VERSION = 1;
				DEVELOPMENT_ASSET_PATHS = "\"BPMSetlist/Preview Content\"";
				DEVELOPMENT_TEAM = 329M2M34JJ;
				ENABLE_HARDENED_RUNTIME = YES;
				ENABLE_PREVIEWS = YES;
				GENERATE_INFOPLIST_FILE = YES;
				INFOPLIST_FILE = BPMSetlist/Info.plist;
				"INFOPLIST_KEY_UIApplicationSceneManifest_Generation[sdk=iphoneos*]" = YES;
				"INFOPLIST_KEY_UIApplicationSceneManifest_Generation[sdk=iphonesimulator*]" = YES;
				"INFOPLIST_KEY_UIApplicationSupportsIndirectInputEvents[sdk=iphoneos*]" = YES;
				"INFOPLIST_KEY_UIApplicationSupportsIndirectInputEvents[sdk=iphonesimulator*]" = YES;
				"INFOPLIST_KEY_UILaunchScreen_Generation[sdk=iphoneos*]" = YES;
				"INFOPLIST_KEY_UILaunchScreen_Generation[sdk=iphonesimulator*]" = YES;
				"INFOPLIST_KEY_UIStatusBarStyle[sdk=iphoneos*]" = UIStatusBarStyleDefault;
				"INFOPLIST_KEY_UIStatusBarStyle[sdk=iphonesimulator*]" = UIStatusBarStyleDefault;
				INFOPLIST_KEY_UISupportedInterfaceOrientations_iPad = "UIInterfaceOrientationPortrait UIInterfaceOrientationPortraitUpsideDown UIInterfaceOrientationLandscapeLeft UIInterfaceOrientationLandscapeRight";
				INFOPLIST_KEY_UISupportedInterfaceOrientations_iPhone = "UIInterfaceOrientationPortrait UIInterfaceOrientationLandscapeLeft UIInterfaceOrientationLandscapeRight";
				IPHONEOS_DEPLOYMENT_TARGET = 17.5;
				LD_RUNPATH_SEARCH_PATHS = "@executable_path/Frameworks";
				"LD_RUNPATH_SEARCH_PATHS[sdk=macosx*]" = "@executable_path/../Frameworks";
				MACOSX_DEPLOYMENT_TARGET = 14.0;
				MARKETING_VERSION = 1.0;
				PRODUCT_BUNDLE_IDENTIFIER = com.yukohadrum.BPMSetlist;
				PRODUCT_NAME = "$(TARGET_NAME)";
				SDKROOT = auto;
				SUPPORTED_PLATFORMS = "iphoneos iphonesimulator macosx";
				SWIFT_EMIT_LOC_STRINGS = YES;
				SWIFT_VERSION = 5.0;
				TARGETED_DEVICE_FAMILY = "1,2";
			};
			name = Release;
		};
		2C5BA7E32F20618300B3216B /* Debug */ = {
			isa = XCBuildConfiguration;
			buildSettings = {
				ALWAYS_EMBED_SWIFT_STANDARD_LIBRARIES = YES;
				BUNDLE_LOADER = "$(TEST_HOST)";
				CODE_SIGN_STYLE = Automatic;
				CURRENT_PROJECT_VERSION = 1;
				DEVELOPMENT_TEAM = 329M2M34JJ;
				GENERATE_INFOPLIST_FILE = YES;
				IPHONEOS_DEPLOYMENT_TARGET = 17.5;
				MACOSX_DEPLOYMENT_TARGET = 14.5;
				MARKETING_VERSION = 1.0;
				PRODUCT_BUNDLE_IDENTIFIER = com.yukohadrum.BPMSetlistTests;
				PRODUCT_NAME = "$(TARGET_NAME)";
				SDKROOT = auto;
				SUPPORTED_PLATFORMS = "iphoneos iphonesimulator macosx";
				SWIFT_EMIT_LOC_STRINGS = NO;
				SWIFT_VERSION = 5.0;
				TARGETED_DEVICE_FAMILY = "1,2";
				TEST_HOST = "$(BUILT_PRODUCTS_DIR)/BPMSetlist.app/$(BUNDLE_EXECUTABLE_FOLDER_PATH)/BPMSetlist";
			};
			name = Debug;
		};
		2C5BA7E42F20618300B3216B /* Release */ = {
			isa = XCBuildConfiguration;
			buildSettings = {
				ALWAYS_EMBED_SWIFT_STANDARD_LIBRARIES = YES;
				BUNDLE_LOADER = "$(TEST_HOST)";
				CODE_SIGN_STYLE = Automatic;
				CURRENT_PROJECT_VERSION = 1;
				DEVELOPMENT_TEAM = 329M2M34JJ;
				GENERATE_INFOPLIST_FILE = YES;
				IPHONEOS_DEPLOYMENT_TARGET = 17.5;
				MACOSX_DEPLOYMENT_TARGET = 14.5;
				MARKETING_VERSION = 1.0;
				PRODUCT_BUNDLE_IDENTIFIER = com.yukohadrum.BPMSetlistTests;
				PRODUCT_NAME = "$(TARGET_NAME)";
				SDKROOT = auto;
				SUPPORTED_PLATFORMS = "iphoneos iphonesimulator macosx";
				SWIFT_EMIT_LOC_STRINGS = NO;
				SWIFT_VERSION = 5.0;
				TARGETED_DEVICE_FAMILY = "1,2";
				TEST_HOST = "$(BUILT_PRODUCTS_DIR)/BPMSetlist.app/$(BUNDLE_EXECUTABLE_FOLDER_PATH)/BPMSetlist";
			};
			name = Release;
		};
		2C5BA7E62F20618300B3216B /* Debug */ = {
			isa = XCBuildConfiguration;
			buildSettings = {
				ALWAYS_EMBED_SWIFT_STANDARD_LIBRARIES = YES;
				CODE_SIGN_STYLE = Automatic;
				CURRENT_PROJECT_VERSION = 1;
				DEVELOPMENT_TEAM = 329M2M34JJ;
				GENERATE_INFOPLIST_FILE = YES;
				IPHONEOS_DEPLOYMENT_TARGET = 17.5;
				MACOSX_DEPLOYMENT_TARGET = 14.5;
				MARKETING_VERSION = 1.0;
				PRODUCT_BUNDLE_IDENTIFIER = com.yukohadrum.BPMSetlistUITests;
				PRODUCT_NAME = "$(TARGET_NAME)";
				SDKROOT = auto;
				SUPPORTED_PLATFORMS = "iphoneos iphonesimulator macosx";
				SWIFT_EMIT_LOC_STRINGS = NO;
				SWIFT_VERSION = 5.0;
				TARGETED_DEVICE_FAMILY = "1,2";
				TEST_TARGET_NAME = BPMSetlist;
			};
			name = Debug;
		};
		2C5BA7E72F20618300B3216B /* Release */ = {
			isa = XCBuildConfiguration;
			buildSettings = {
				ALWAYS_EMBED_SWIFT_STANDARD_LIBRARIES = YES;
				CODE_SIGN_STYLE = Automatic;
				CURRENT_PROJECT_VERSION = 1;
				DEVELOPMENT_TEAM = 329M2M34JJ;
				GENERATE_INFOPLIST_FILE = YES;
				IPHONEOS_DEPLOYMENT_TARGET = 17.5;
				MACOSX_DEPLOYMENT_TARGET = 14.5;
				MARKETING_VERSION = 1.0;
				PRODUCT_BUNDLE_IDENTIFIER = com.yukohadrum.BPMSetlistUITests;
				PRODUCT_NAME = "$(TARGET_NAME)";
				SDKROOT = auto;
				SUPPORTED_PLATFORMS = "iphoneos iphonesimulator macosx";
				SWIFT_EMIT_LOC_STRINGS = NO;
				SWIFT_VERSION = 5.0;
				TARGETED_DEVICE_FAMILY = "1,2";
				TEST_TARGET_NAME = BPMSetlist;
			};
			name = Release;
		};
/* End XCBuildConfiguration section */

/* Begin XCConfigurationList section */
		2C5BA7B32F20618100B3216B /* Build configuration list for PBXProject "BPMSetlist" */ = {
			isa = XCConfigurationList;
			buildConfigurations = (
				2C5BA7DD2F20618300B3216B /* Debug */,
				2C5BA7DE2F20618300B3216B /* Release */,
			);
			defaultConfigurationIsVisible = 0;
			defaultConfigurationName = Release;
		};
		2C5BA7DF2F20618300B3216B /* Build configuration list for PBXNativeTarget "BPMSetlist" */ = {
			isa = XCConfigurationList;
			buildConfigurations = (
				2C5BA7E02F20618300B3216B /* Debug */,
				2C5BA7E12F20618300B3216B /* Release */,
			);
			defaultConfigurationIsVisible = 0;
			defaultConfigurationName = Release;
		};
		2C5BA7E22F20618300B3216B /* Build configuration list for PBXNativeTarget "BPMSetlistTests" */ = {
			isa = XCConfigurationList;
			buildConfigurations = (
				2C5BA7E32F20618300B3216B /* Debug */,
				2C5BA7E42F20618300B3216B /* Release */,
			);
			defaultConfigurationIsVisible = 0;
			defaultConfigurationName = Release;
		};
		2C5BA7E52F20618300B3216B /* Build configuration list for PBXNativeTarget "BPMSetlistUITests" */ = {
			isa = XCConfigurationList;
			buildConfigurations = (
				2C5BA7E62F20618300B3216B /* Debug */,
				2C5BA7E72F20618300B3216B /* Release */,
			);
			defaultConfigurationIsVisible = 0;
			defaultConfigurationName = Release;
		};
/* End XCConfigurationList section */
	};
	rootObject = 2C5BA7B02F20618100B3216B /* Project object */;
}
